// !$*UTF8*$!
{
	archiveVersion = 1;
	classes = {
	};
	objectVersion = 46;
	objects = {

/* Begin PBXBuildFile section */
		201205AE1B33DFE2006C47D5 /* SizeClass.swift in Sources */ = {isa = PBXBuildFile; fileRef = 201205AD1B33DFE2006C47D5 /* SizeClass.swift */; };
		201205B01B33E572006C47D5 /* SizeClassTests.swift in Sources */ = {isa = PBXBuildFile; fileRef = 201205AF1B33E572006C47D5 /* SizeClassTests.swift */; };
		201205B41B34AE9C006C47D5 /* Formation.swift in Sources */ = {isa = PBXBuildFile; fileRef = 201205B31B34AE9C006C47D5 /* Formation.swift */; };
		201205B61B34B756006C47D5 /* Formation+LayoutTarget.swift in Sources */ = {isa = PBXBuildFile; fileRef = 201205B51B34B756006C47D5 /* Formation+LayoutTarget.swift */; };
		201205B81B34B7A5006C47D5 /* Formation+CGFloat.swift in Sources */ = {isa = PBXBuildFile; fileRef = 201205B71B34B7A5006C47D5 /* Formation+CGFloat.swift */; };
		201205BA1B34BBE0006C47D5 /* Formation+View.swift in Sources */ = {isa = PBXBuildFile; fileRef = 201205B91B34BBE0006C47D5 /* Formation+View.swift */; };
		201205BC1B34C862006C47D5 /* LayoutBlock.swift in Sources */ = {isa = PBXBuildFile; fileRef = 201205BB1B34C862006C47D5 /* LayoutBlock.swift */; };
		201205BE1B34F25A006C47D5 /* GroupFormation.swift in Sources */ = {isa = PBXBuildFile; fileRef = 201205BD1B34F25A006C47D5 /* GroupFormation.swift */; };
		201205C01B34F32D006C47D5 /* GroupFormationTests.swift in Sources */ = {isa = PBXBuildFile; fileRef = 201205BF1B34F32D006C47D5 /* GroupFormationTests.swift */; };
		201205C61B3551F8006C47D5 /* GroupFormation+Space.swift in Sources */ = {isa = PBXBuildFile; fileRef = 201205C51B3551F8006C47D5 /* GroupFormation+Space.swift */; };
		203806D11B3613A4006D9FAD /* Formation+Position.swift in Sources */ = {isa = PBXBuildFile; fileRef = 203806D01B3613A4006D9FAD /* Formation+Position.swift */; };
		203806D31B36169A006D9FAD /* Formation+PositionTests.swift in Sources */ = {isa = PBXBuildFile; fileRef = 203806D21B36169A006D9FAD /* Formation+PositionTests.swift */; };
		203806D51B37A3BB006D9FAD /* ViewFormation+LayoutTarget.swift in Sources */ = {isa = PBXBuildFile; fileRef = 203806D41B37A3BB006D9FAD /* ViewFormation+LayoutTarget.swift */; };
		203806D71B37A5C1006D9FAD /* ViewFormation+CGFloat.swift in Sources */ = {isa = PBXBuildFile; fileRef = 203806D61B37A5C1006D9FAD /* ViewFormation+CGFloat.swift */; };
		203806D91B37A8CB006D9FAD /* ViewFormation+View.swift in Sources */ = {isa = PBXBuildFile; fileRef = 203806D81B37A8CB006D9FAD /* ViewFormation+View.swift */; };
		203806DB1B37AB77006D9FAD /* GroupFormation+LayoutTarget.swift in Sources */ = {isa = PBXBuildFile; fileRef = 203806DA1B37AB77006D9FAD /* GroupFormation+LayoutTarget.swift */; };
		203806DD1B37AC1A006D9FAD /* GroupFormation+CGFloat.swift in Sources */ = {isa = PBXBuildFile; fileRef = 203806DC1B37AC1A006D9FAD /* GroupFormation+CGFloat.swift */; };
		203806DF1B37AC30006D9FAD /* GroupFormation+View.swift in Sources */ = {isa = PBXBuildFile; fileRef = 203806DE1B37AC30006D9FAD /* GroupFormation+View.swift */; };
		203806E11B37B01F006D9FAD /* GroupFormation+SpaceTests.swift in Sources */ = {isa = PBXBuildFile; fileRef = 203806E01B37B01F006D9FAD /* GroupFormation+SpaceTests.swift */; };
		203806E31B37B1EE006D9FAD /* GroupFormation+ViewTests.swift in Sources */ = {isa = PBXBuildFile; fileRef = 203806E21B37B1EE006D9FAD /* GroupFormation+ViewTests.swift */; };
		203806E71B37B39A006D9FAD /* GroupFormation+CGFloatTests.swift in Sources */ = {isa = PBXBuildFile; fileRef = 203806E61B37B39A006D9FAD /* GroupFormation+CGFloatTests.swift */; };
		203806E91B37B79C006D9FAD /* GroupFormation+LayoutTargetTests.swift in Sources */ = {isa = PBXBuildFile; fileRef = 203806E81B37B79C006D9FAD /* GroupFormation+LayoutTargetTests.swift */; };
		203806EB1B37C4DC006D9FAD /* ViewFormation+ViewTests.swift in Sources */ = {isa = PBXBuildFile; fileRef = 203806EA1B37C4DC006D9FAD /* ViewFormation+ViewTests.swift */; };
		203806ED1B37C5AE006D9FAD /* ViewFormation+LayoutTargetTests.swift in Sources */ = {isa = PBXBuildFile; fileRef = 203806EC1B37C5AE006D9FAD /* ViewFormation+LayoutTargetTests.swift */; };
		203806EF1B37C6BE006D9FAD /* ViewFormation+CGFloatTests.swift in Sources */ = {isa = PBXBuildFile; fileRef = 203806EE1B37C6BE006D9FAD /* ViewFormation+CGFloatTests.swift */; };
		203806F31B37EEBB006D9FAD /* GroupFormation+SameSize.swift in Sources */ = {isa = PBXBuildFile; fileRef = 203806F21B37EEBB006D9FAD /* GroupFormation+SameSize.swift */; };
		203806F51B37F379006D9FAD /* GroupFormation+SameSizeTests.swift in Sources */ = {isa = PBXBuildFile; fileRef = 203806F41B37F379006D9FAD /* GroupFormation+SameSizeTests.swift */; };
		203806F71B3800EB006D9FAD /* GroupFormation+Elements.swift in Sources */ = {isa = PBXBuildFile; fileRef = 203806F61B3800EB006D9FAD /* GroupFormation+Elements.swift */; };
		203806F91B38015F006D9FAD /* GroupFormation+ElementsTests.swift in Sources */ = {isa = PBXBuildFile; fileRef = 203806F81B38015F006D9FAD /* GroupFormation+ElementsTests.swift */; };
		203806FB1B38083C006D9FAD /* GroupFormation+Execute.swift in Sources */ = {isa = PBXBuildFile; fileRef = 203806FA1B38083C006D9FAD /* GroupFormation+Execute.swift */; };
		203806FD1B3808A9006D9FAD /* GroupFormation+ExecuteTests.swift in Sources */ = {isa = PBXBuildFile; fileRef = 203806FC1B3808A9006D9FAD /* GroupFormation+ExecuteTests.swift */; };
		203806FF1B3810C1006D9FAD /* LayoutBlockTests.swift in Sources */ = {isa = PBXBuildFile; fileRef = 203806FE1B3810C1006D9FAD /* LayoutBlockTests.swift */; };
		203807011B38B151006D9FAD /* Formation+Self.swift in Sources */ = {isa = PBXBuildFile; fileRef = 203807001B38B151006D9FAD /* Formation+Self.swift */; };
		203807031B38B7FB006D9FAD /* ViewFormation+Self.swift in Sources */ = {isa = PBXBuildFile; fileRef = 203807021B38B7FB006D9FAD /* ViewFormation+Self.swift */; };
		203807051B38BC4A006D9FAD /* GroupFormation+Self.swift in Sources */ = {isa = PBXBuildFile; fileRef = 203807041B38BC4A006D9FAD /* GroupFormation+Self.swift */; };
		203807071B38BEE9006D9FAD /* ViewFormation+SelfTests.swift in Sources */ = {isa = PBXBuildFile; fileRef = 203807061B38BEE9006D9FAD /* ViewFormation+SelfTests.swift */; };
		20506DD01B323CE100B6B14A /* FormationLayout.h in Headers */ = {isa = PBXBuildFile; fileRef = 20506DCF1B323CE100B6B14A /* FormationLayout.h */; settings = {ATTRIBUTES = (Public, ); }; };
		20506DD71B323CE100B6B14A /* FormationLayout.framework in Frameworks */ = {isa = PBXBuildFile; fileRef = 20506DCC1B323CE100B6B14A /* FormationLayout.framework */; };
		20506DF31B3267B300B6B14A /* LayoutTarget.swift in Sources */ = {isa = PBXBuildFile; fileRef = 20506DF21B3267B300B6B14A /* LayoutTarget.swift */; };
		20506DF51B326CAB00B6B14A /* LayoutTargetTests.swift in Sources */ = {isa = PBXBuildFile; fileRef = 20506DF41B326CAB00B6B14A /* LayoutTargetTests.swift */; };
		206078671B3EB3E300448F13 /* View.swift in Sources */ = {isa = PBXBuildFile; fileRef = 206078661B3EB3E300448F13 /* View.swift */; };
		206078691B3EB3EF00448F13 /* Container.swift in Sources */ = {isa = PBXBuildFile; fileRef = 206078681B3EB3EF00448F13 /* Container.swift */; };
		2060786B1B3EB47300448F13 /* View+UIView.swift in Sources */ = {isa = PBXBuildFile; fileRef = 2060786A1B3EB47300448F13 /* View+UIView.swift */; };
		2060786D1B3EB54F00448F13 /* Container+UIView.swift in Sources */ = {isa = PBXBuildFile; fileRef = 2060786C1B3EB54F00448F13 /* Container+UIView.swift */; };
		2060786F1B3EBBD300448F13 /* ViewTests.swift in Sources */ = {isa = PBXBuildFile; fileRef = 2060786E1B3EBBD300448F13 /* ViewTests.swift */; };
		2074CB7A1B38C35400C32EF0 /* GroupFormation+SelfTests.swift in Sources */ = {isa = PBXBuildFile; fileRef = 2074CB791B38C35400C32EF0 /* GroupFormation+SelfTests.swift */; };
		209D27E91B32A900004771BF /* FormationLayout.swift in Sources */ = {isa = PBXBuildFile; fileRef = 209D27E81B32A900004771BF /* FormationLayout.swift */; };
		209D27EB1B32B3BD004771BF /* ViewFormation.swift in Sources */ = {isa = PBXBuildFile; fileRef = 209D27EA1B32B3BD004771BF /* ViewFormation.swift */; };
		209D27ED1B32B3D4004771BF /* ViewFormationTests.swift in Sources */ = {isa = PBXBuildFile; fileRef = 209D27EC1B32B3D4004771BF /* ViewFormationTests.swift */; };
		209D27F11B32B59D004771BF /* FormationLayoutTests.swift in Sources */ = {isa = PBXBuildFile; fileRef = 209D27F01B32B59D004771BF /* FormationLayoutTests.swift */; };
		20AFF9C01B3F616B00CB12E7 /* FormationLayout+View.swift in Sources */ = {isa = PBXBuildFile; fileRef = 20AFF9BF1B3F616B00CB12E7 /* FormationLayout+View.swift */; };
		20AFF9C21B3F61AA00CB12E7 /* FormationLayout+Group.swift in Sources */ = {isa = PBXBuildFile; fileRef = 20AFF9C11B3F61AA00CB12E7 /* FormationLayout+Group.swift */; };
		20AFF9C91B40A82C00CB12E7 /* LayoutGuide.swift in Sources */ = {isa = PBXBuildFile; fileRef = 20AFF9C81B40A82C00CB12E7 /* LayoutGuide.swift */; };
		20AFF9CD1B40AB2100CB12E7 /* LayoutGuideTests.swift in Sources */ = {isa = PBXBuildFile; fileRef = 20AFF9CC1B40AB2100CB12E7 /* LayoutGuideTests.swift */; };
		20AFF9CF1B40B57100CB12E7 /* View+UIViewTests.swift in Sources */ = {isa = PBXBuildFile; fileRef = 20AFF9CE1B40B57100CB12E7 /* View+UIViewTests.swift */; };
		20AFF9D11B40E1B300CB12E7 /* FormationLayout+ViewTests.swift in Sources */ = {isa = PBXBuildFile; fileRef = 20AFF9D01B40E1B300CB12E7 /* FormationLayout+ViewTests.swift */; };
		20AFF9D31B40E22600CB12E7 /* FormationLayout+GroupTests.swift in Sources */ = {isa = PBXBuildFile; fileRef = 20AFF9D21B40E22600CB12E7 /* FormationLayout+GroupTests.swift */; };
		20AFF9DE1B40EEB400CB12E7 /* UILayoutGuide.swift in Sources */ = {isa = PBXBuildFile; fileRef = 20AFF9DD1B40EEB400CB12E7 /* UILayoutGuide.swift */; };
		20AFF9E11B40EEFD00CB12E7 /* UILayoutGuideTests.swift in Sources */ = {isa = PBXBuildFile; fileRef = 20AFF9E01B40EEFD00CB12E7 /* UILayoutGuideTests.swift */; };
/* End PBXBuildFile section */

/* Begin PBXContainerItemProxy section */
		20506DD81B323CE100B6B14A /* PBXContainerItemProxy */ = {
			isa = PBXContainerItemProxy;
			containerPortal = 20506DC31B323CE100B6B14A /* Project object */;
			proxyType = 1;
			remoteGlobalIDString = 20506DCB1B323CE100B6B14A;
			remoteInfo = FormationLayout;
		};
/* End PBXContainerItemProxy section */

/* Begin PBXFileReference section */
		201205AD1B33DFE2006C47D5 /* SizeClass.swift */ = {isa = PBXFileReference; fileEncoding = 4; lastKnownFileType = sourcecode.swift; path = SizeClass.swift; sourceTree = "<group>"; };
		201205AF1B33E572006C47D5 /* SizeClassTests.swift */ = {isa = PBXFileReference; fileEncoding = 4; lastKnownFileType = sourcecode.swift; path = SizeClassTests.swift; sourceTree = "<group>"; };
		201205B31B34AE9C006C47D5 /* Formation.swift */ = {isa = PBXFileReference; fileEncoding = 4; lastKnownFileType = sourcecode.swift; path = Formation.swift; sourceTree = "<group>"; };
		201205B51B34B756006C47D5 /* Formation+LayoutTarget.swift */ = {isa = PBXFileReference; fileEncoding = 4; lastKnownFileType = sourcecode.swift; path = "Formation+LayoutTarget.swift"; sourceTree = "<group>"; };
		201205B71B34B7A5006C47D5 /* Formation+CGFloat.swift */ = {isa = PBXFileReference; fileEncoding = 4; lastKnownFileType = sourcecode.swift; path = "Formation+CGFloat.swift"; sourceTree = "<group>"; };
		201205B91B34BBE0006C47D5 /* Formation+View.swift */ = {isa = PBXFileReference; fileEncoding = 4; lastKnownFileType = sourcecode.swift; path = "Formation+View.swift"; sourceTree = "<group>"; };
		201205BB1B34C862006C47D5 /* LayoutBlock.swift */ = {isa = PBXFileReference; fileEncoding = 4; lastKnownFileType = sourcecode.swift; path = LayoutBlock.swift; sourceTree = "<group>"; };
		201205BD1B34F25A006C47D5 /* GroupFormation.swift */ = {isa = PBXFileReference; fileEncoding = 4; lastKnownFileType = sourcecode.swift; path = GroupFormation.swift; sourceTree = "<group>"; };
		201205BF1B34F32D006C47D5 /* GroupFormationTests.swift */ = {isa = PBXFileReference; fileEncoding = 4; lastKnownFileType = sourcecode.swift; path = GroupFormationTests.swift; sourceTree = "<group>"; };
		201205C51B3551F8006C47D5 /* GroupFormation+Space.swift */ = {isa = PBXFileReference; fileEncoding = 4; lastKnownFileType = sourcecode.swift; path = "GroupFormation+Space.swift"; sourceTree = "<group>"; };
		203806D01B3613A4006D9FAD /* Formation+Position.swift */ = {isa = PBXFileReference; fileEncoding = 4; lastKnownFileType = sourcecode.swift; path = "Formation+Position.swift"; sourceTree = "<group>"; };
		203806D21B36169A006D9FAD /* Formation+PositionTests.swift */ = {isa = PBXFileReference; fileEncoding = 4; lastKnownFileType = sourcecode.swift; path = "Formation+PositionTests.swift"; sourceTree = "<group>"; };
		203806D41B37A3BB006D9FAD /* ViewFormation+LayoutTarget.swift */ = {isa = PBXFileReference; fileEncoding = 4; lastKnownFileType = sourcecode.swift; path = "ViewFormation+LayoutTarget.swift"; sourceTree = "<group>"; };
		203806D61B37A5C1006D9FAD /* ViewFormation+CGFloat.swift */ = {isa = PBXFileReference; fileEncoding = 4; lastKnownFileType = sourcecode.swift; path = "ViewFormation+CGFloat.swift"; sourceTree = "<group>"; };
		203806D81B37A8CB006D9FAD /* ViewFormation+View.swift */ = {isa = PBXFileReference; fileEncoding = 4; lastKnownFileType = sourcecode.swift; path = "ViewFormation+View.swift"; sourceTree = "<group>"; };
		203806DA1B37AB77006D9FAD /* GroupFormation+LayoutTarget.swift */ = {isa = PBXFileReference; fileEncoding = 4; lastKnownFileType = sourcecode.swift; path = "GroupFormation+LayoutTarget.swift"; sourceTree = "<group>"; };
		203806DC1B37AC1A006D9FAD /* GroupFormation+CGFloat.swift */ = {isa = PBXFileReference; fileEncoding = 4; lastKnownFileType = sourcecode.swift; path = "GroupFormation+CGFloat.swift"; sourceTree = "<group>"; };
		203806DE1B37AC30006D9FAD /* GroupFormation+View.swift */ = {isa = PBXFileReference; fileEncoding = 4; lastKnownFileType = sourcecode.swift; path = "GroupFormation+View.swift"; sourceTree = "<group>"; };
		203806E01B37B01F006D9FAD /* GroupFormation+SpaceTests.swift */ = {isa = PBXFileReference; fileEncoding = 4; lastKnownFileType = sourcecode.swift; path = "GroupFormation+SpaceTests.swift"; sourceTree = "<group>"; };
		203806E21B37B1EE006D9FAD /* GroupFormation+ViewTests.swift */ = {isa = PBXFileReference; fileEncoding = 4; lastKnownFileType = sourcecode.swift; path = "GroupFormation+ViewTests.swift"; sourceTree = "<group>"; };
		203806E61B37B39A006D9FAD /* GroupFormation+CGFloatTests.swift */ = {isa = PBXFileReference; fileEncoding = 4; lastKnownFileType = sourcecode.swift; path = "GroupFormation+CGFloatTests.swift"; sourceTree = "<group>"; };
		203806E81B37B79C006D9FAD /* GroupFormation+LayoutTargetTests.swift */ = {isa = PBXFileReference; fileEncoding = 4; lastKnownFileType = sourcecode.swift; path = "GroupFormation+LayoutTargetTests.swift"; sourceTree = "<group>"; };
		203806EA1B37C4DC006D9FAD /* ViewFormation+ViewTests.swift */ = {isa = PBXFileReference; fileEncoding = 4; lastKnownFileType = sourcecode.swift; path = "ViewFormation+ViewTests.swift"; sourceTree = "<group>"; };
		203806EC1B37C5AE006D9FAD /* ViewFormation+LayoutTargetTests.swift */ = {isa = PBXFileReference; fileEncoding = 4; lastKnownFileType = sourcecode.swift; path = "ViewFormation+LayoutTargetTests.swift"; sourceTree = "<group>"; };
		203806EE1B37C6BE006D9FAD /* ViewFormation+CGFloatTests.swift */ = {isa = PBXFileReference; fileEncoding = 4; lastKnownFileType = sourcecode.swift; path = "ViewFormation+CGFloatTests.swift"; sourceTree = "<group>"; };
		203806F21B37EEBB006D9FAD /* GroupFormation+SameSize.swift */ = {isa = PBXFileReference; fileEncoding = 4; lastKnownFileType = sourcecode.swift; path = "GroupFormation+SameSize.swift"; sourceTree = "<group>"; };
		203806F41B37F379006D9FAD /* GroupFormation+SameSizeTests.swift */ = {isa = PBXFileReference; fileEncoding = 4; lastKnownFileType = sourcecode.swift; path = "GroupFormation+SameSizeTests.swift"; sourceTree = "<group>"; };
		203806F61B3800EB006D9FAD /* GroupFormation+Elements.swift */ = {isa = PBXFileReference; fileEncoding = 4; lastKnownFileType = sourcecode.swift; path = "GroupFormation+Elements.swift"; sourceTree = "<group>"; };
		203806F81B38015F006D9FAD /* GroupFormation+ElementsTests.swift */ = {isa = PBXFileReference; fileEncoding = 4; lastKnownFileType = sourcecode.swift; path = "GroupFormation+ElementsTests.swift"; sourceTree = "<group>"; };
		203806FA1B38083C006D9FAD /* GroupFormation+Execute.swift */ = {isa = PBXFileReference; fileEncoding = 4; lastKnownFileType = sourcecode.swift; path = "GroupFormation+Execute.swift"; sourceTree = "<group>"; };
		203806FC1B3808A9006D9FAD /* GroupFormation+ExecuteTests.swift */ = {isa = PBXFileReference; fileEncoding = 4; lastKnownFileType = sourcecode.swift; path = "GroupFormation+ExecuteTests.swift"; sourceTree = "<group>"; };
		203806FE1B3810C1006D9FAD /* LayoutBlockTests.swift */ = {isa = PBXFileReference; fileEncoding = 4; lastKnownFileType = sourcecode.swift; path = LayoutBlockTests.swift; sourceTree = "<group>"; };
		203807001B38B151006D9FAD /* Formation+Self.swift */ = {isa = PBXFileReference; fileEncoding = 4; lastKnownFileType = sourcecode.swift; path = "Formation+Self.swift"; sourceTree = "<group>"; };
		203807021B38B7FB006D9FAD /* ViewFormation+Self.swift */ = {isa = PBXFileReference; fileEncoding = 4; lastKnownFileType = sourcecode.swift; path = "ViewFormation+Self.swift"; sourceTree = "<group>"; };
		203807041B38BC4A006D9FAD /* GroupFormation+Self.swift */ = {isa = PBXFileReference; fileEncoding = 4; lastKnownFileType = sourcecode.swift; path = "GroupFormation+Self.swift"; sourceTree = "<group>"; };
		203807061B38BEE9006D9FAD /* ViewFormation+SelfTests.swift */ = {isa = PBXFileReference; fileEncoding = 4; lastKnownFileType = sourcecode.swift; path = "ViewFormation+SelfTests.swift"; sourceTree = "<group>"; };
		20506DCC1B323CE100B6B14A /* FormationLayout.framework */ = {isa = PBXFileReference; explicitFileType = wrapper.framework; includeInIndex = 0; path = FormationLayout.framework; sourceTree = BUILT_PRODUCTS_DIR; };
		20506DCF1B323CE100B6B14A /* FormationLayout.h */ = {isa = PBXFileReference; lastKnownFileType = sourcecode.c.h; path = FormationLayout.h; sourceTree = "<group>"; };
		20506DD11B323CE100B6B14A /* Info.plist */ = {isa = PBXFileReference; lastKnownFileType = text.plist.xml; path = Info.plist; sourceTree = "<group>"; };
		20506DD61B323CE100B6B14A /* FormationLayoutTests.xctest */ = {isa = PBXFileReference; explicitFileType = wrapper.cfbundle; includeInIndex = 0; path = FormationLayoutTests.xctest; sourceTree = BUILT_PRODUCTS_DIR; };
		20506DDD1B323CE100B6B14A /* Info.plist */ = {isa = PBXFileReference; lastKnownFileType = text.plist.xml; path = Info.plist; sourceTree = "<group>"; };
		20506DF21B3267B300B6B14A /* LayoutTarget.swift */ = {isa = PBXFileReference; fileEncoding = 4; lastKnownFileType = sourcecode.swift; path = LayoutTarget.swift; sourceTree = "<group>"; };
		20506DF41B326CAB00B6B14A /* LayoutTargetTests.swift */ = {isa = PBXFileReference; fileEncoding = 4; lastKnownFileType = sourcecode.swift; path = LayoutTargetTests.swift; sourceTree = "<group>"; };
		206078661B3EB3E300448F13 /* View.swift */ = {isa = PBXFileReference; fileEncoding = 4; lastKnownFileType = sourcecode.swift; path = View.swift; sourceTree = "<group>"; };
		206078681B3EB3EF00448F13 /* Container.swift */ = {isa = PBXFileReference; fileEncoding = 4; lastKnownFileType = sourcecode.swift; path = Container.swift; sourceTree = "<group>"; };
		2060786A1B3EB47300448F13 /* View+UIView.swift */ = {isa = PBXFileReference; fileEncoding = 4; lastKnownFileType = sourcecode.swift; path = "View+UIView.swift"; sourceTree = "<group>"; };
		2060786C1B3EB54F00448F13 /* Container+UIView.swift */ = {isa = PBXFileReference; fileEncoding = 4; lastKnownFileType = sourcecode.swift; path = "Container+UIView.swift"; sourceTree = "<group>"; };
		2060786E1B3EBBD300448F13 /* ViewTests.swift */ = {isa = PBXFileReference; fileEncoding = 4; lastKnownFileType = sourcecode.swift; path = ViewTests.swift; sourceTree = "<group>"; };
		2074CB791B38C35400C32EF0 /* GroupFormation+SelfTests.swift */ = {isa = PBXFileReference; fileEncoding = 4; lastKnownFileType = sourcecode.swift; path = "GroupFormation+SelfTests.swift"; sourceTree = "<group>"; };
		209D27E81B32A900004771BF /* FormationLayout.swift */ = {isa = PBXFileReference; fileEncoding = 4; lastKnownFileType = sourcecode.swift; path = FormationLayout.swift; sourceTree = "<group>"; };
		209D27EA1B32B3BD004771BF /* ViewFormation.swift */ = {isa = PBXFileReference; fileEncoding = 4; lastKnownFileType = sourcecode.swift; path = ViewFormation.swift; sourceTree = "<group>"; };
		209D27EC1B32B3D4004771BF /* ViewFormationTests.swift */ = {isa = PBXFileReference; fileEncoding = 4; lastKnownFileType = sourcecode.swift; path = ViewFormationTests.swift; sourceTree = "<group>"; };
		209D27F01B32B59D004771BF /* FormationLayoutTests.swift */ = {isa = PBXFileReference; fileEncoding = 4; lastKnownFileType = sourcecode.swift; path = FormationLayoutTests.swift; sourceTree = "<group>"; };
		20AFF9BF1B3F616B00CB12E7 /* FormationLayout+View.swift */ = {isa = PBXFileReference; fileEncoding = 4; lastKnownFileType = sourcecode.swift; path = "FormationLayout+View.swift"; sourceTree = "<group>"; };
		20AFF9C11B3F61AA00CB12E7 /* FormationLayout+Group.swift */ = {isa = PBXFileReference; fileEncoding = 4; lastKnownFileType = sourcecode.swift; path = "FormationLayout+Group.swift"; sourceTree = "<group>"; };
		20AFF9C81B40A82C00CB12E7 /* LayoutGuide.swift */ = {isa = PBXFileReference; fileEncoding = 4; lastKnownFileType = sourcecode.swift; path = LayoutGuide.swift; sourceTree = "<group>"; };
		20AFF9CC1B40AB2100CB12E7 /* LayoutGuideTests.swift */ = {isa = PBXFileReference; fileEncoding = 4; lastKnownFileType = sourcecode.swift; path = LayoutGuideTests.swift; sourceTree = "<group>"; };
		20AFF9CE1B40B57100CB12E7 /* View+UIViewTests.swift */ = {isa = PBXFileReference; fileEncoding = 4; lastKnownFileType = sourcecode.swift; path = "View+UIViewTests.swift"; sourceTree = "<group>"; };
		20AFF9D01B40E1B300CB12E7 /* FormationLayout+ViewTests.swift */ = {isa = PBXFileReference; fileEncoding = 4; lastKnownFileType = sourcecode.swift; path = "FormationLayout+ViewTests.swift"; sourceTree = "<group>"; };
		20AFF9D21B40E22600CB12E7 /* FormationLayout+GroupTests.swift */ = {isa = PBXFileReference; fileEncoding = 4; lastKnownFileType = sourcecode.swift; path = "FormationLayout+GroupTests.swift"; sourceTree = "<group>"; };
		20AFF9DD1B40EEB400CB12E7 /* UILayoutGuide.swift */ = {isa = PBXFileReference; fileEncoding = 4; lastKnownFileType = sourcecode.swift; path = UILayoutGuide.swift; sourceTree = "<group>"; };
		20AFF9E01B40EEFD00CB12E7 /* UILayoutGuideTests.swift */ = {isa = PBXFileReference; fileEncoding = 4; lastKnownFileType = sourcecode.swift; path = UILayoutGuideTests.swift; sourceTree = "<group>"; };
/* End PBXFileReference section */

/* Begin PBXFrameworksBuildPhase section */
		20506DC81B323CE100B6B14A /* Frameworks */ = {
			isa = PBXFrameworksBuildPhase;
			buildActionMask = 2147483647;
			files = (
			);
			runOnlyForDeploymentPostprocessing = 0;
		};
		20506DD31B323CE100B6B14A /* Frameworks */ = {
			isa = PBXFrameworksBuildPhase;
			buildActionMask = 2147483647;
			files = (
				20506DD71B323CE100B6B14A /* FormationLayout.framework in Frameworks */,
			);
			runOnlyForDeploymentPostprocessing = 0;
		};
/* End PBXFrameworksBuildPhase section */

/* Begin PBXGroup section */
		20506DC21B323CE100B6B14A = {
			isa = PBXGroup;
			children = (
				20506DCE1B323CE100B6B14A /* FormationLayout */,
				20506DDA1B323CE100B6B14A /* FormationLayoutTests */,
				20506DCD1B323CE100B6B14A /* Products */,
			);
			sourceTree = "<group>";
		};
		20506DCD1B323CE100B6B14A /* Products */ = {
			isa = PBXGroup;
			children = (
				20506DCC1B323CE100B6B14A /* FormationLayout.framework */,
				20506DD61B323CE100B6B14A /* FormationLayoutTests.xctest */,
			);
			name = Products;
			sourceTree = "<group>";
		};
		20506DCE1B323CE100B6B14A /* FormationLayout */ = {
			isa = PBXGroup;
			children = (
				20506DD11B323CE100B6B14A /* Info.plist */,
				20506DCF1B323CE100B6B14A /* FormationLayout.h */,
				206078641B3EB3CA00448F13 /* View */,
				20AFF9DC1B40EEA400CB12E7 /* LayoutGuide */,
				206078651B3EB3D000448F13 /* Container */,
				206078601B3EB37C00448F13 /* Formation */,
				206078621B3EB39A00448F13 /* ViewFormation */,
				206078631B3EB3A300448F13 /* GroupFormation */,
				20AFF9BE1B3F60F000CB12E7 /* FormationLayout */,
				20506DF21B3267B300B6B14A /* LayoutTarget.swift */,
				201205AD1B33DFE2006C47D5 /* SizeClass.swift */,
				201205BB1B34C862006C47D5 /* LayoutBlock.swift */,
			);
			path = FormationLayout;
			sourceTree = "<group>";
		};
		20506DDA1B323CE100B6B14A /* FormationLayoutTests */ = {
			isa = PBXGroup;
			children = (
				20506DDD1B323CE100B6B14A /* Info.plist */,
				20AFF9C31B3F61CF00CB12E7 /* View */,
				20AFF9DF1B40EEDF00CB12E7 /* LayoutGuide */,
				20AFF9C61B3F620100CB12E7 /* Formation */,
				20AFF9C41B3F61E300CB12E7 /* ViewFormation */,
				20AFF9C51B3F61ED00CB12E7 /* GroupFormation */,
				20AFF9C71B3F620F00CB12E7 /* FormationLayout */,
				20506DF41B326CAB00B6B14A /* LayoutTargetTests.swift */,
				201205AF1B33E572006C47D5 /* SizeClassTests.swift */,
				203806FE1B3810C1006D9FAD /* LayoutBlockTests.swift */,
			);
			path = FormationLayoutTests;
			sourceTree = "<group>";
		};
		206078601B3EB37C00448F13 /* Formation */ = {
			isa = PBXGroup;
			children = (
				201205B31B34AE9C006C47D5 /* Formation.swift */,
				201205B51B34B756006C47D5 /* Formation+LayoutTarget.swift */,
				201205B71B34B7A5006C47D5 /* Formation+CGFloat.swift */,
				201205B91B34BBE0006C47D5 /* Formation+View.swift */,
				203806D01B3613A4006D9FAD /* Formation+Position.swift */,
				203807001B38B151006D9FAD /* Formation+Self.swift */,
			);
			name = Formation;
			sourceTree = "<group>";
		};
		206078621B3EB39A00448F13 /* ViewFormation */ = {
			isa = PBXGroup;
			children = (
				209D27EA1B32B3BD004771BF /* ViewFormation.swift */,
				203806D41B37A3BB006D9FAD /* ViewFormation+LayoutTarget.swift */,
				203806D61B37A5C1006D9FAD /* ViewFormation+CGFloat.swift */,
				203806D81B37A8CB006D9FAD /* ViewFormation+View.swift */,
				203807021B38B7FB006D9FAD /* ViewFormation+Self.swift */,
			);
			name = ViewFormation;
			sourceTree = "<group>";
		};
		206078631B3EB3A300448F13 /* GroupFormation */ = {
			isa = PBXGroup;
			children = (
				201205BD1B34F25A006C47D5 /* GroupFormation.swift */,
				203806F61B3800EB006D9FAD /* GroupFormation+Elements.swift */,
				203806FA1B38083C006D9FAD /* GroupFormation+Execute.swift */,
				203806DA1B37AB77006D9FAD /* GroupFormation+LayoutTarget.swift */,
				203806DC1B37AC1A006D9FAD /* GroupFormation+CGFloat.swift */,
				203806DE1B37AC30006D9FAD /* GroupFormation+View.swift */,
				201205C51B3551F8006C47D5 /* GroupFormation+Space.swift */,
				203806F21B37EEBB006D9FAD /* GroupFormation+SameSize.swift */,
				203807041B38BC4A006D9FAD /* GroupFormation+Self.swift */,
			);
			name = GroupFormation;
			sourceTree = "<group>";
		};
		206078641B3EB3CA00448F13 /* View */ = {
			isa = PBXGroup;
			children = (
				206078661B3EB3E300448F13 /* View.swift */,
				2060786A1B3EB47300448F13 /* View+UIView.swift */,
			);
			name = View;
			sourceTree = "<group>";
		};
		206078651B3EB3D000448F13 /* Container */ = {
			isa = PBXGroup;
			children = (
				206078681B3EB3EF00448F13 /* Container.swift */,
				2060786C1B3EB54F00448F13 /* Container+UIView.swift */,
			);
			name = Container;
			sourceTree = "<group>";
		};
		20AFF9BE1B3F60F000CB12E7 /* FormationLayout */ = {
			isa = PBXGroup;
			children = (
				209D27E81B32A900004771BF /* FormationLayout.swift */,
				20AFF9BF1B3F616B00CB12E7 /* FormationLayout+View.swift */,
				20AFF9C11B3F61AA00CB12E7 /* FormationLayout+Group.swift */,
			);
			name = FormationLayout;
			sourceTree = "<group>";
		};
		20AFF9C31B3F61CF00CB12E7 /* View */ = {
			isa = PBXGroup;
			children = (
				2060786E1B3EBBD300448F13 /* ViewTests.swift */,
				20AFF9CE1B40B57100CB12E7 /* View+UIViewTests.swift */,
			);
			name = View;
			sourceTree = "<group>";
		};
		20AFF9C41B3F61E300CB12E7 /* ViewFormation */ = {
			isa = PBXGroup;
			children = (
				209D27EC1B32B3D4004771BF /* ViewFormationTests.swift */,
				203806EC1B37C5AE006D9FAD /* ViewFormation+LayoutTargetTests.swift */,
				203806EE1B37C6BE006D9FAD /* ViewFormation+CGFloatTests.swift */,
				203806EA1B37C4DC006D9FAD /* ViewFormation+ViewTests.swift */,
				203807061B38BEE9006D9FAD /* ViewFormation+SelfTests.swift */,
			);
			name = ViewFormation;
			sourceTree = "<group>";
		};
		20AFF9C51B3F61ED00CB12E7 /* GroupFormation */ = {
			isa = PBXGroup;
			children = (
				201205BF1B34F32D006C47D5 /* GroupFormationTests.swift */,
				203806F81B38015F006D9FAD /* GroupFormation+ElementsTests.swift */,
				203806FC1B3808A9006D9FAD /* GroupFormation+ExecuteTests.swift */,
				203806E81B37B79C006D9FAD /* GroupFormation+LayoutTargetTests.swift */,
				203806E61B37B39A006D9FAD /* GroupFormation+CGFloatTests.swift */,
				203806E21B37B1EE006D9FAD /* GroupFormation+ViewTests.swift */,
				203806E01B37B01F006D9FAD /* GroupFormation+SpaceTests.swift */,
				203806F41B37F379006D9FAD /* GroupFormation+SameSizeTests.swift */,
				2074CB791B38C35400C32EF0 /* GroupFormation+SelfTests.swift */,
			);
			name = GroupFormation;
			sourceTree = "<group>";
		};
		20AFF9C61B3F620100CB12E7 /* Formation */ = {
			isa = PBXGroup;
			children = (
				203806D21B36169A006D9FAD /* Formation+PositionTests.swift */,
			);
			name = Formation;
			sourceTree = "<group>";
		};
		20AFF9C71B3F620F00CB12E7 /* FormationLayout */ = {
			isa = PBXGroup;
			children = (
				209D27F01B32B59D004771BF /* FormationLayoutTests.swift */,
				20AFF9D01B40E1B300CB12E7 /* FormationLayout+ViewTests.swift */,
				20AFF9D21B40E22600CB12E7 /* FormationLayout+GroupTests.swift */,
			);
			name = FormationLayout;
			sourceTree = "<group>";
		};
		20AFF9DC1B40EEA400CB12E7 /* LayoutGuide */ = {
			isa = PBXGroup;
			children = (
				20AFF9C81B40A82C00CB12E7 /* LayoutGuide.swift */,
				20AFF9DD1B40EEB400CB12E7 /* UILayoutGuide.swift */,
			);
			name = LayoutGuide;
			sourceTree = "<group>";
		};
		20AFF9DF1B40EEDF00CB12E7 /* LayoutGuide */ = {
			isa = PBXGroup;
			children = (
				20AFF9CC1B40AB2100CB12E7 /* LayoutGuideTests.swift */,
				20AFF9E01B40EEFD00CB12E7 /* UILayoutGuideTests.swift */,
			);
			name = LayoutGuide;
			sourceTree = "<group>";
		};
/* End PBXGroup section */

/* Begin PBXHeadersBuildPhase section */
		20506DC91B323CE100B6B14A /* Headers */ = {
			isa = PBXHeadersBuildPhase;
			buildActionMask = 2147483647;
			files = (
				20506DD01B323CE100B6B14A /* FormationLayout.h in Headers */,
			);
			runOnlyForDeploymentPostprocessing = 0;
		};
/* End PBXHeadersBuildPhase section */

/* Begin PBXNativeTarget section */
		20506DCB1B323CE100B6B14A /* FormationLayout */ = {
			isa = PBXNativeTarget;
			buildConfigurationList = 20506DE01B323CE100B6B14A /* Build configuration list for PBXNativeTarget "FormationLayout" */;
			buildPhases = (
				20506DC71B323CE100B6B14A /* Sources */,
				20506DC81B323CE100B6B14A /* Frameworks */,
				20506DC91B323CE100B6B14A /* Headers */,
				20506DCA1B323CE100B6B14A /* Resources */,
			);
			buildRules = (
			);
			dependencies = (
			);
			name = FormationLayout;
			productName = FormationLayout;
			productReference = 20506DCC1B323CE100B6B14A /* FormationLayout.framework */;
			productType = "com.apple.product-type.framework";
		};
		20506DD51B323CE100B6B14A /* FormationLayoutTests */ = {
			isa = PBXNativeTarget;
			buildConfigurationList = 20506DE31B323CE100B6B14A /* Build configuration list for PBXNativeTarget "FormationLayoutTests" */;
			buildPhases = (
				20506DD21B323CE100B6B14A /* Sources */,
				20506DD31B323CE100B6B14A /* Frameworks */,
				20506DD41B323CE100B6B14A /* Resources */,
			);
			buildRules = (
			);
			dependencies = (
				20506DD91B323CE100B6B14A /* PBXTargetDependency */,
			);
			name = FormationLayoutTests;
			productName = FormationLayoutTests;
			productReference = 20506DD61B323CE100B6B14A /* FormationLayoutTests.xctest */;
			productType = "com.apple.product-type.bundle.unit-test";
		};
/* End PBXNativeTarget section */

/* Begin PBXProject section */
		20506DC31B323CE100B6B14A /* Project object */ = {
			isa = PBXProject;
			attributes = {
				LastSwiftUpdateCheck = 0700;
				LastUpgradeCheck = 0700;
				ORGANIZATIONNAME = evancoding.com;
				TargetAttributes = {
					20506DCB1B323CE100B6B14A = {
						CreatedOnToolsVersion = 7.0;
					};
					20506DD51B323CE100B6B14A = {
						CreatedOnToolsVersion = 7.0;
					};
				};
			};
			buildConfigurationList = 20506DC61B323CE100B6B14A /* Build configuration list for PBXProject "FormationLayout" */;
			compatibilityVersion = "Xcode 3.2";
			developmentRegion = English;
			hasScannedForEncodings = 0;
			knownRegions = (
				en,
			);
			mainGroup = 20506DC21B323CE100B6B14A;
			productRefGroup = 20506DCD1B323CE100B6B14A /* Products */;
			projectDirPath = "";
			projectRoot = "";
			targets = (
				20506DCB1B323CE100B6B14A /* FormationLayout */,
				20506DD51B323CE100B6B14A /* FormationLayoutTests */,
			);
		};
/* End PBXProject section */

/* Begin PBXResourcesBuildPhase section */
		20506DCA1B323CE100B6B14A /* Resources */ = {
			isa = PBXResourcesBuildPhase;
			buildActionMask = 2147483647;
			files = (
			);
			runOnlyForDeploymentPostprocessing = 0;
		};
		20506DD41B323CE100B6B14A /* Resources */ = {
			isa = PBXResourcesBuildPhase;
			buildActionMask = 2147483647;
			files = (
			);
			runOnlyForDeploymentPostprocessing = 0;
		};
/* End PBXResourcesBuildPhase section */

/* Begin PBXSourcesBuildPhase section */
		20506DC71B323CE100B6B14A /* Sources */ = {
			isa = PBXSourcesBuildPhase;
			buildActionMask = 2147483647;
			files = (
				2060786D1B3EB54F00448F13 /* Container+UIView.swift in Sources */,
				201205B61B34B756006C47D5 /* Formation+LayoutTarget.swift in Sources */,
				209D27EB1B32B3BD004771BF /* ViewFormation.swift in Sources */,
				201205B81B34B7A5006C47D5 /* Formation+CGFloat.swift in Sources */,
				201205C61B3551F8006C47D5 /* GroupFormation+Space.swift in Sources */,
				201205BA1B34BBE0006C47D5 /* Formation+View.swift in Sources */,
				203807051B38BC4A006D9FAD /* GroupFormation+Self.swift in Sources */,
				203807011B38B151006D9FAD /* Formation+Self.swift in Sources */,
				20506DF31B3267B300B6B14A /* LayoutTarget.swift in Sources */,
				201205BE1B34F25A006C47D5 /* GroupFormation.swift in Sources */,
				20AFF9C91B40A82C00CB12E7 /* LayoutGuide.swift in Sources */,
				201205BC1B34C862006C47D5 /* LayoutBlock.swift in Sources */,
				203806DB1B37AB77006D9FAD /* GroupFormation+LayoutTarget.swift in Sources */,
				209D27E91B32A900004771BF /* FormationLayout.swift in Sources */,
				2060786B1B3EB47300448F13 /* View+UIView.swift in Sources */,
				203806F31B37EEBB006D9FAD /* GroupFormation+SameSize.swift in Sources */,
				203806D71B37A5C1006D9FAD /* ViewFormation+CGFloat.swift in Sources */,
				203806F71B3800EB006D9FAD /* GroupFormation+Elements.swift in Sources */,
				201205AE1B33DFE2006C47D5 /* SizeClass.swift in Sources */,
				203806DD1B37AC1A006D9FAD /* GroupFormation+CGFloat.swift in Sources */,
				203806FB1B38083C006D9FAD /* GroupFormation+Execute.swift in Sources */,
				203806D11B3613A4006D9FAD /* Formation+Position.swift in Sources */,
				203806D91B37A8CB006D9FAD /* ViewFormation+View.swift in Sources */,
				20AFF9C01B3F616B00CB12E7 /* FormationLayout+View.swift in Sources */,
				20AFF9DE1B40EEB400CB12E7 /* UILayoutGuide.swift in Sources */,
				20AFF9C21B3F61AA00CB12E7 /* FormationLayout+Group.swift in Sources */,
				203807031B38B7FB006D9FAD /* ViewFormation+Self.swift in Sources */,
				203806D51B37A3BB006D9FAD /* ViewFormation+LayoutTarget.swift in Sources */,
				206078671B3EB3E300448F13 /* View.swift in Sources */,
				206078691B3EB3EF00448F13 /* Container.swift in Sources */,
				203806DF1B37AC30006D9FAD /* GroupFormation+View.swift in Sources */,
				201205B41B34AE9C006C47D5 /* Formation.swift in Sources */,
			);
			runOnlyForDeploymentPostprocessing = 0;
		};
		20506DD21B323CE100B6B14A /* Sources */ = {
			isa = PBXSourcesBuildPhase;
			buildActionMask = 2147483647;
			files = (
				203806F51B37F379006D9FAD /* GroupFormation+SameSizeTests.swift in Sources */,
				201205C01B34F32D006C47D5 /* GroupFormationTests.swift in Sources */,
				203806EF1B37C6BE006D9FAD /* ViewFormation+CGFloatTests.swift in Sources */,
				203806ED1B37C5AE006D9FAD /* ViewFormation+LayoutTargetTests.swift in Sources */,
				203806E11B37B01F006D9FAD /* GroupFormation+SpaceTests.swift in Sources */,
				203806EB1B37C4DC006D9FAD /* ViewFormation+ViewTests.swift in Sources */,
				20AFF9D31B40E22600CB12E7 /* FormationLayout+GroupTests.swift in Sources */,
				203806FF1B3810C1006D9FAD /* LayoutBlockTests.swift in Sources */,
				20AFF9CD1B40AB2100CB12E7 /* LayoutGuideTests.swift in Sources */,
				2074CB7A1B38C35400C32EF0 /* GroupFormation+SelfTests.swift in Sources */,
				2060786F1B3EBBD300448F13 /* ViewTests.swift in Sources */,
				203806E71B37B39A006D9FAD /* GroupFormation+CGFloatTests.swift in Sources */,
				20506DF51B326CAB00B6B14A /* LayoutTargetTests.swift in Sources */,
				209D27ED1B32B3D4004771BF /* ViewFormationTests.swift in Sources */,
				20AFF9E11B40EEFD00CB12E7 /* UILayoutGuideTests.swift in Sources */,
				203806E31B37B1EE006D9FAD /* GroupFormation+ViewTests.swift in Sources */,
				209D27F11B32B59D004771BF /* FormationLayoutTests.swift in Sources */,
				20AFF9CF1B40B57100CB12E7 /* View+UIViewTests.swift in Sources */,
				203807071B38BEE9006D9FAD /* ViewFormation+SelfTests.swift in Sources */,
				203806FD1B3808A9006D9FAD /* GroupFormation+ExecuteTests.swift in Sources */,
				203806D31B36169A006D9FAD /* Formation+PositionTests.swift in Sources */,
				20AFF9D11B40E1B300CB12E7 /* FormationLayout+ViewTests.swift in Sources */,
				203806E91B37B79C006D9FAD /* GroupFormation+LayoutTargetTests.swift in Sources */,
				203806F91B38015F006D9FAD /* GroupFormation+ElementsTests.swift in Sources */,
				201205B01B33E572006C47D5 /* SizeClassTests.swift in Sources */,
			);
			runOnlyForDeploymentPostprocessing = 0;
		};
/* End PBXSourcesBuildPhase section */

/* Begin PBXTargetDependency section */
		20506DD91B323CE100B6B14A /* PBXTargetDependency */ = {
			isa = PBXTargetDependency;
			target = 20506DCB1B323CE100B6B14A /* FormationLayout */;
			targetProxy = 20506DD81B323CE100B6B14A /* PBXContainerItemProxy */;
		};
/* End PBXTargetDependency section */

/* Begin XCBuildConfiguration section */
		20506DDE1B323CE100B6B14A /* Debug */ = {
			isa = XCBuildConfiguration;
			buildSettings = {
				ALWAYS_SEARCH_USER_PATHS = NO;
				CLANG_CXX_LANGUAGE_STANDARD = "gnu++0x";
				CLANG_CXX_LIBRARY = "libc++";
				CLANG_ENABLE_MODULES = YES;
				CLANG_ENABLE_OBJC_ARC = YES;
				CLANG_WARN_BOOL_CONVERSION = YES;
				CLANG_WARN_CONSTANT_CONVERSION = YES;
				CLANG_WARN_DIRECT_OBJC_ISA_USAGE = YES_ERROR;
				CLANG_WARN_EMPTY_BODY = YES;
				CLANG_WARN_ENUM_CONVERSION = YES;
				CLANG_WARN_INT_CONVERSION = YES;
				CLANG_WARN_OBJC_ROOT_CLASS = YES_ERROR;
				CLANG_WARN_UNREACHABLE_CODE = YES;
				CLANG_WARN__DUPLICATE_METHOD_MATCH = YES;
				"CODE_SIGN_IDENTITY[sdk=iphoneos*]" = "iPhone Developer";
				COPY_PHASE_STRIP = NO;
				CURRENT_PROJECT_VERSION = 1;
				DEBUG_INFORMATION_FORMAT = dwarf;
				ENABLE_STRICT_OBJC_MSGSEND = YES;
				ENABLE_TESTABILITY = YES;
				GCC_C_LANGUAGE_STANDARD = gnu99;
				GCC_DYNAMIC_NO_PIC = NO;
				GCC_NO_COMMON_BLOCKS = YES;
				GCC_OPTIMIZATION_LEVEL = 0;
				GCC_PREPROCESSOR_DEFINITIONS = (
					"DEBUG=1",
					"$(inherited)",
				);
				GCC_WARN_64_TO_32_BIT_CONVERSION = YES;
				GCC_WARN_ABOUT_RETURN_TYPE = YES_ERROR;
				GCC_WARN_UNDECLARED_SELECTOR = YES;
				GCC_WARN_UNINITIALIZED_AUTOS = YES_AGGRESSIVE;
				GCC_WARN_UNUSED_FUNCTION = YES;
				GCC_WARN_UNUSED_VARIABLE = YES;
				IPHONEOS_DEPLOYMENT_TARGET = 8.0;
				MTL_ENABLE_DEBUG_INFO = YES;
				ONLY_ACTIVE_ARCH = YES;
				SDKROOT = iphoneos;
				SWIFT_OPTIMIZATION_LEVEL = "-Onone";
				TARGETED_DEVICE_FAMILY = "1,2";
				VERSIONING_SYSTEM = "apple-generic";
				VERSION_INFO_PREFIX = "";
			};
			name = Debug;
		};
		20506DDF1B323CE100B6B14A /* Release */ = {
			isa = XCBuildConfiguration;
			buildSettings = {
				ALWAYS_SEARCH_USER_PATHS = NO;
				CLANG_CXX_LANGUAGE_STANDARD = "gnu++0x";
				CLANG_CXX_LIBRARY = "libc++";
				CLANG_ENABLE_MODULES = YES;
				CLANG_ENABLE_OBJC_ARC = YES;
				CLANG_WARN_BOOL_CONVERSION = YES;
				CLANG_WARN_CONSTANT_CONVERSION = YES;
				CLANG_WARN_DIRECT_OBJC_ISA_USAGE = YES_ERROR;
				CLANG_WARN_EMPTY_BODY = YES;
				CLANG_WARN_ENUM_CONVERSION = YES;
				CLANG_WARN_INT_CONVERSION = YES;
				CLANG_WARN_OBJC_ROOT_CLASS = YES_ERROR;
				CLANG_WARN_UNREACHABLE_CODE = YES;
				CLANG_WARN__DUPLICATE_METHOD_MATCH = YES;
				"CODE_SIGN_IDENTITY[sdk=iphoneos*]" = "iPhone Developer";
				COPY_PHASE_STRIP = NO;
				CURRENT_PROJECT_VERSION = 1;
				DEBUG_INFORMATION_FORMAT = "dwarf-with-dsym";
				ENABLE_NS_ASSERTIONS = NO;
				ENABLE_STRICT_OBJC_MSGSEND = YES;
				GCC_C_LANGUAGE_STANDARD = gnu99;
				GCC_NO_COMMON_BLOCKS = YES;
				GCC_WARN_64_TO_32_BIT_CONVERSION = YES;
				GCC_WARN_ABOUT_RETURN_TYPE = YES_ERROR;
				GCC_WARN_UNDECLARED_SELECTOR = YES;
				GCC_WARN_UNINITIALIZED_AUTOS = YES_AGGRESSIVE;
				GCC_WARN_UNUSED_FUNCTION = YES;
				GCC_WARN_UNUSED_VARIABLE = YES;
				IPHONEOS_DEPLOYMENT_TARGET = 8.0;
				MTL_ENABLE_DEBUG_INFO = NO;
				SDKROOT = iphoneos;
				TARGETED_DEVICE_FAMILY = "1,2";
				VALIDATE_PRODUCT = YES;
				VERSIONING_SYSTEM = "apple-generic";
				VERSION_INFO_PREFIX = "";
			};
			name = Release;
		};
		20506DE11B323CE100B6B14A /* Debug */ = {
			isa = XCBuildConfiguration;
			buildSettings = {
				CLANG_ENABLE_MODULES = YES;
				DEFINES_MODULE = YES;
				DYLIB_COMPATIBILITY_VERSION = 1;
				DYLIB_CURRENT_VERSION = 1;
				DYLIB_INSTALL_NAME_BASE = "@rpath";
				INFOPLIST_FILE = FormationLayout/Info.plist;
				INSTALL_PATH = "$(LOCAL_LIBRARY_DIR)/Frameworks";
				LD_RUNPATH_SEARCH_PATHS = "$(inherited) @executable_path/Frameworks @loader_path/Frameworks";
				PRODUCT_BUNDLE_IDENTIFIER = com.evancoding.FormationLayout;
				PRODUCT_NAME = "$(TARGET_NAME)";
				SKIP_INSTALL = YES;
				SWIFT_OPTIMIZATION_LEVEL = "-Onone";
			};
			name = Debug;
		};
		20506DE21B323CE100B6B14A /* Release */ = {
			isa = XCBuildConfiguration;
			buildSettings = {
				CLANG_ENABLE_MODULES = YES;
				DEFINES_MODULE = YES;
				DYLIB_COMPATIBILITY_VERSION = 1;
				DYLIB_CURRENT_VERSION = 1;
				DYLIB_INSTALL_NAME_BASE = "@rpath";
				INFOPLIST_FILE = FormationLayout/Info.plist;
				INSTALL_PATH = "$(LOCAL_LIBRARY_DIR)/Frameworks";
				LD_RUNPATH_SEARCH_PATHS = "$(inherited) @executable_path/Frameworks @loader_path/Frameworks";
				PRODUCT_BUNDLE_IDENTIFIER = com.evancoding.FormationLayout;
				PRODUCT_NAME = "$(TARGET_NAME)";
				SKIP_INSTALL = YES;
			};
			name = Release;
		};
		20506DE41B323CE100B6B14A /* Debug */ = {
			isa = XCBuildConfiguration;
			buildSettings = {
				INFOPLIST_FILE = FormationLayoutTests/Info.plist;
				LD_RUNPATH_SEARCH_PATHS = "$(inherited) @executable_path/Frameworks @loader_path/Frameworks";
				PRODUCT_BUNDLE_IDENTIFIER = com.evancoding.FormationLayoutTests;
				PRODUCT_NAME = "$(TARGET_NAME)";
			};
			name = Debug;
		};
		20506DE51B323CE100B6B14A /* Release */ = {
			isa = XCBuildConfiguration;
			buildSettings = {
				INFOPLIST_FILE = FormationLayoutTests/Info.plist;
				LD_RUNPATH_SEARCH_PATHS = "$(inherited) @executable_path/Frameworks @loader_path/Frameworks";
				PRODUCT_BUNDLE_IDENTIFIER = com.evancoding.FormationLayoutTests;
				PRODUCT_NAME = "$(TARGET_NAME)";
			};
			name = Release;
		};
/* End XCBuildConfiguration section */

/* Begin XCConfigurationList section */
		20506DC61B323CE100B6B14A /* Build configuration list for PBXProject "FormationLayout" */ = {
			isa = XCConfigurationList;
			buildConfigurations = (
				20506DDE1B323CE100B6B14A /* Debug */,
				20506DDF1B323CE100B6B14A /* Release */,
			);
			defaultConfigurationIsVisible = 0;
			defaultConfigurationName = Release;
		};
		20506DE01B323CE100B6B14A /* Build configuration list for PBXNativeTarget "FormationLayout" */ = {
			isa = XCConfigurationList;
			buildConfigurations = (
				20506DE11B323CE100B6B14A /* Debug */,
				20506DE21B323CE100B6B14A /* Release */,
			);
			defaultConfigurationIsVisible = 0;
			defaultConfigurationName = Release;
		};
		20506DE31B323CE100B6B14A /* Build configuration list for PBXNativeTarget "FormationLayoutTests" */ = {
			isa = XCConfigurationList;
			buildConfigurations = (
				20506DE41B323CE100B6B14A /* Debug */,
				20506DE51B323CE100B6B14A /* Release */,
			);
			defaultConfigurationIsVisible = 0;
			defaultConfigurationName = Release;
		};
/* End XCConfigurationList section */
	};
	rootObject = 20506DC31B323CE100B6B14A /* Project object */;
}
