// !$*UTF8*$!
{
	archiveVersion = 1;
	classes = {
	};
	objectVersion = 46;
	objects = {

/* Begin PBXBuildFile section */
		201205AE1B33DFE2006C47D5 /* SizeClass.swift in Sources */ = {isa = PBXBuildFile; fileRef = 201205AD1B33DFE2006C47D5 /* SizeClass.swift */; };
		201205B01B33E572006C47D5 /* SizeClassTests.swift in Sources */ = {isa = PBXBuildFile; fileRef = 201205AF1B33E572006C47D5 /* SizeClassTests.swift */; };
		201205B41B34AE9C006C47D5 /* Formation.swift in Sources */ = {isa = PBXBuildFile; fileRef = 201205B31B34AE9C006C47D5 /* Formation.swift */; };
		201205B61B34B756006C47D5 /* ViewFormation+LayoutTarget.swift in Sources */ = {isa = PBXBuildFile; fileRef = 201205B51B34B756006C47D5 /* ViewFormation+LayoutTarget.swift */; };
		201205B81B34B7A5006C47D5 /* ViewFormation+CGFloat.swift in Sources */ = {isa = PBXBuildFile; fileRef = 201205B71B34B7A5006C47D5 /* ViewFormation+CGFloat.swift */; };
		20506DD01B323CE100B6B14A /* FormationLayout.h in Headers */ = {isa = PBXBuildFile; fileRef = 20506DCF1B323CE100B6B14A /* FormationLayout.h */; settings = {ATTRIBUTES = (Public, ); }; };
		20506DD71B323CE100B6B14A /* FormationLayout.framework in Frameworks */ = {isa = PBXBuildFile; fileRef = 20506DCC1B323CE100B6B14A /* FormationLayout.framework */; };
		20506DF31B3267B300B6B14A /* LayoutTarget.swift in Sources */ = {isa = PBXBuildFile; fileRef = 20506DF21B3267B300B6B14A /* LayoutTarget.swift */; };
		20506DF51B326CAB00B6B14A /* LayoutTargetTests.swift in Sources */ = {isa = PBXBuildFile; fileRef = 20506DF41B326CAB00B6B14A /* LayoutTargetTests.swift */; };
		209D27E91B32A900004771BF /* FormationLayout.swift in Sources */ = {isa = PBXBuildFile; fileRef = 209D27E81B32A900004771BF /* FormationLayout.swift */; };
		209D27EB1B32B3BD004771BF /* ViewFormation.swift in Sources */ = {isa = PBXBuildFile; fileRef = 209D27EA1B32B3BD004771BF /* ViewFormation.swift */; };
		209D27ED1B32B3D4004771BF /* ViewFormationTests.swift in Sources */ = {isa = PBXBuildFile; fileRef = 209D27EC1B32B3D4004771BF /* ViewFormationTests.swift */; };
		209D27F11B32B59D004771BF /* FormationLayoutTests.swift in Sources */ = {isa = PBXBuildFile; fileRef = 209D27F01B32B59D004771BF /* FormationLayoutTests.swift */; };
/* End PBXBuildFile section */

/* Begin PBXContainerItemProxy section */
		20506DD81B323CE100B6B14A /* PBXContainerItemProxy */ = {
			isa = PBXContainerItemProxy;
			containerPortal = 20506DC31B323CE100B6B14A /* Project object */;
			proxyType = 1;
			remoteGlobalIDString = 20506DCB1B323CE100B6B14A;
			remoteInfo = FormationLayout;
		};
/* End PBXContainerItemProxy section */

/* Begin PBXFileReference section */
		201205AD1B33DFE2006C47D5 /* SizeClass.swift */ = {isa = PBXFileReference; fileEncoding = 4; lastKnownFileType = sourcecode.swift; path = SizeClass.swift; sourceTree = "<group>"; };
		201205AF1B33E572006C47D5 /* SizeClassTests.swift */ = {isa = PBXFileReference; fileEncoding = 4; lastKnownFileType = sourcecode.swift; path = SizeClassTests.swift; sourceTree = "<group>"; };
		201205B31B34AE9C006C47D5 /* Formation.swift */ = {isa = PBXFileReference; fileEncoding = 4; lastKnownFileType = sourcecode.swift; path = Formation.swift; sourceTree = "<group>"; };
		201205B51B34B756006C47D5 /* ViewFormation+LayoutTarget.swift */ = {isa = PBXFileReference; fileEncoding = 4; lastKnownFileType = sourcecode.swift; path = "ViewFormation+LayoutTarget.swift"; sourceTree = "<group>"; };
		201205B71B34B7A5006C47D5 /* ViewFormation+CGFloat.swift */ = {isa = PBXFileReference; fileEncoding = 4; lastKnownFileType = sourcecode.swift; path = "ViewFormation+CGFloat.swift"; sourceTree = "<group>"; };
		20506DCC1B323CE100B6B14A /* FormationLayout.framework */ = {isa = PBXFileReference; explicitFileType = wrapper.framework; includeInIndex = 0; path = FormationLayout.framework; sourceTree = BUILT_PRODUCTS_DIR; };
		20506DCF1B323CE100B6B14A /* FormationLayout.h */ = {isa = PBXFileReference; lastKnownFileType = sourcecode.c.h; path = FormationLayout.h; sourceTree = "<group>"; };
		20506DD11B323CE100B6B14A /* Info.plist */ = {isa = PBXFileReference; lastKnownFileType = text.plist.xml; path = Info.plist; sourceTree = "<group>"; };
		20506DD61B323CE100B6B14A /* FormationLayoutTests.xctest */ = {isa = PBXFileReference; explicitFileType = wrapper.cfbundle; includeInIndex = 0; path = FormationLayoutTests.xctest; sourceTree = BUILT_PRODUCTS_DIR; };
		20506DDD1B323CE100B6B14A /* Info.plist */ = {isa = PBXFileReference; lastKnownFileType = text.plist.xml; path = Info.plist; sourceTree = "<group>"; };
		20506DF21B3267B300B6B14A /* LayoutTarget.swift */ = {isa = PBXFileReference; fileEncoding = 4; lastKnownFileType = sourcecode.swift; path = LayoutTarget.swift; sourceTree = "<group>"; };
		20506DF41B326CAB00B6B14A /* LayoutTargetTests.swift */ = {isa = PBXFileReference; fileEncoding = 4; lastKnownFileType = sourcecode.swift; path = LayoutTargetTests.swift; sourceTree = "<group>"; };
		209D27E81B32A900004771BF /* FormationLayout.swift */ = {isa = PBXFileReference; fileEncoding = 4; lastKnownFileType = sourcecode.swift; path = FormationLayout.swift; sourceTree = "<group>"; };
		209D27EA1B32B3BD004771BF /* ViewFormation.swift */ = {isa = PBXFileReference; fileEncoding = 4; lastKnownFileType = sourcecode.swift; path = ViewFormation.swift; sourceTree = "<group>"; };
		209D27EC1B32B3D4004771BF /* ViewFormationTests.swift */ = {isa = PBXFileReference; fileEncoding = 4; lastKnownFileType = sourcecode.swift; path = ViewFormationTests.swift; sourceTree = "<group>"; };
		209D27F01B32B59D004771BF /* FormationLayoutTests.swift */ = {isa = PBXFileReference; fileEncoding = 4; lastKnownFileType = sourcecode.swift; path = FormationLayoutTests.swift; sourceTree = "<group>"; };
/* End PBXFileReference section */

/* Begin PBXFrameworksBuildPhase section */
		20506DC81B323CE100B6B14A /* Frameworks */ = {
			isa = PBXFrameworksBuildPhase;
			buildActionMask = 2147483647;
			files = (
			);
			runOnlyForDeploymentPostprocessing = 0;
		};
		20506DD31B323CE100B6B14A /* Frameworks */ = {
			isa = PBXFrameworksBuildPhase;
			buildActionMask = 2147483647;
			files = (
				20506DD71B323CE100B6B14A /* FormationLayout.framework in Frameworks */,
			);
			runOnlyForDeploymentPostprocessing = 0;
		};
/* End PBXFrameworksBuildPhase section */

/* Begin PBXGroup section */
		20506DC21B323CE100B6B14A = {
			isa = PBXGroup;
			children = (
				20506DCE1B323CE100B6B14A /* FormationLayout */,
				20506DDA1B323CE100B6B14A /* FormationLayoutTests */,
				20506DCD1B323CE100B6B14A /* Products */,
			);
			sourceTree = "<group>";
		};
		20506DCD1B323CE100B6B14A /* Products */ = {
			isa = PBXGroup;
			children = (
				20506DCC1B323CE100B6B14A /* FormationLayout.framework */,
				20506DD61B323CE100B6B14A /* FormationLayoutTests.xctest */,
			);
			name = Products;
			sourceTree = "<group>";
		};
		20506DCE1B323CE100B6B14A /* FormationLayout */ = {
			isa = PBXGroup;
			children = (
				20506DD11B323CE100B6B14A /* Info.plist */,
				20506DCF1B323CE100B6B14A /* FormationLayout.h */,
				209D27E81B32A900004771BF /* FormationLayout.swift */,
				201205B31B34AE9C006C47D5 /* Formation.swift */,
				209D27EA1B32B3BD004771BF /* ViewFormation.swift */,
				201205B51B34B756006C47D5 /* ViewFormation+LayoutTarget.swift */,
				201205B71B34B7A5006C47D5 /* ViewFormation+CGFloat.swift */,
				20506DF21B3267B300B6B14A /* LayoutTarget.swift */,
				201205AD1B33DFE2006C47D5 /* SizeClass.swift */,
			);
			path = FormationLayout;
			sourceTree = "<group>";
		};
		20506DDA1B323CE100B6B14A /* FormationLayoutTests */ = {
			isa = PBXGroup;
			children = (
				20506DDD1B323CE100B6B14A /* Info.plist */,
				209D27F01B32B59D004771BF /* FormationLayoutTests.swift */,
				209D27EC1B32B3D4004771BF /* ViewFormationTests.swift */,
				20506DF41B326CAB00B6B14A /* LayoutTargetTests.swift */,
				201205AF1B33E572006C47D5 /* SizeClassTests.swift */,
			);
			path = FormationLayoutTests;
			sourceTree = "<group>";
		};
/* End PBXGroup section */

/* Begin PBXHeadersBuildPhase section */
		20506DC91B323CE100B6B14A /* Headers */ = {
			isa = PBXHeadersBuildPhase;
			buildActionMask = 2147483647;
			files = (
				20506DD01B323CE100B6B14A /* FormationLayout.h in Headers */,
			);
			runOnlyForDeploymentPostprocessing = 0;
		};
/* End PBXHeadersBuildPhase section */

/* Begin PBXNativeTarget section */
		20506DCB1B323CE100B6B14A /* FormationLayout */ = {
			isa = PBXNativeTarget;
			buildConfigurationList = 20506DE01B323CE100B6B14A /* Build configuration list for PBXNativeTarget "FormationLayout" */;
			buildPhases = (
				20506DC71B323CE100B6B14A /* Sources */,
				20506DC81B323CE100B6B14A /* Frameworks */,
				20506DC91B323CE100B6B14A /* Headers */,
				20506DCA1B323CE100B6B14A /* Resources */,
			);
			buildRules = (
			);
			dependencies = (
			);
			name = FormationLayout;
			productName = FormationLayout;
			productReference = 20506DCC1B323CE100B6B14A /* FormationLayout.framework */;
			productType = "com.apple.product-type.framework";
		};
		20506DD51B323CE100B6B14A /* FormationLayoutTests */ = {
			isa = PBXNativeTarget;
			buildConfigurationList = 20506DE31B323CE100B6B14A /* Build configuration list for PBXNativeTarget "FormationLayoutTests" */;
			buildPhases = (
				20506DD21B323CE100B6B14A /* Sources */,
				20506DD31B323CE100B6B14A /* Frameworks */,
				20506DD41B323CE100B6B14A /* Resources */,
			);
			buildRules = (
			);
			dependencies = (
				20506DD91B323CE100B6B14A /* PBXTargetDependency */,
			);
			name = FormationLayoutTests;
			productName = FormationLayoutTests;
			productReference = 20506DD61B323CE100B6B14A /* FormationLayoutTests.xctest */;
			productType = "com.apple.product-type.bundle.unit-test";
		};
/* End PBXNativeTarget section */

/* Begin PBXProject section */
		20506DC31B323CE100B6B14A /* Project object */ = {
			isa = PBXProject;
			attributes = {
				LastSwiftUpdateCheck = 0700;
				LastUpgradeCheck = 0700;
				ORGANIZATIONNAME = evancoding.com;
				TargetAttributes = {
					20506DCB1B323CE100B6B14A = {
						CreatedOnToolsVersion = 7.0;
					};
					20506DD51B323CE100B6B14A = {
						CreatedOnToolsVersion = 7.0;
					};
				};
			};
			buildConfigurationList = 20506DC61B323CE100B6B14A /* Build configuration list for PBXProject "FormationLayout" */;
			compatibilityVersion = "Xcode 3.2";
			developmentRegion = English;
			hasScannedForEncodings = 0;
			knownRegions = (
				en,
			);
			mainGroup = 20506DC21B323CE100B6B14A;
			productRefGroup = 20506DCD1B323CE100B6B14A /* Products */;
			projectDirPath = "";
			projectRoot = "";
			targets = (
				20506DCB1B323CE100B6B14A /* FormationLayout */,
				20506DD51B323CE100B6B14A /* FormationLayoutTests */,
			);
		};
/* End PBXProject section */

/* Begin PBXResourcesBuildPhase section */
		20506DCA1B323CE100B6B14A /* Resources */ = {
			isa = PBXResourcesBuildPhase;
			buildActionMask = 2147483647;
			files = (
			);
			runOnlyForDeploymentPostprocessing = 0;
		};
		20506DD41B323CE100B6B14A /* Resources */ = {
			isa = PBXResourcesBuildPhase;
			buildActionMask = 2147483647;
			files = (
			);
			runOnlyForDeploymentPostprocessing = 0;
		};
/* End PBXResourcesBuildPhase section */

/* Begin PBXSourcesBuildPhase section */
		20506DC71B323CE100B6B14A /* Sources */ = {
			isa = PBXSourcesBuildPhase;
			buildActionMask = 2147483647;
			files = (
				201205B61B34B756006C47D5 /* ViewFormation+LayoutTarget.swift in Sources */,
				209D27EB1B32B3BD004771BF /* ViewFormation.swift in Sources */,
				201205B81B34B7A5006C47D5 /* ViewFormation+CGFloat.swift in Sources */,
				20506DF31B3267B300B6B14A /* LayoutTarget.swift in Sources */,
				209D27E91B32A900004771BF /* FormationLayout.swift in Sources */,
				201205AE1B33DFE2006C47D5 /* SizeClass.swift in Sources */,
				201205B41B34AE9C006C47D5 /* Formation.swift in Sources */,
			);
			runOnlyForDeploymentPostprocessing = 0;
		};
		20506DD21B323CE100B6B14A /* Sources */ = {
			isa = PBXSourcesBuildPhase;
			buildActionMask = 2147483647;
			files = (
				20506DF51B326CAB00B6B14A /* LayoutTargetTests.swift in Sources */,
				209D27ED1B32B3D4004771BF /* ViewFormationTests.swift in Sources */,
				209D27F11B32B59D004771BF /* FormationLayoutTests.swift in Sources */,
				201205B01B33E572006C47D5 /* SizeClassTests.swift in Sources */,
			);
			runOnlyForDeploymentPostprocessing = 0;
		};
/* End PBXSourcesBuildPhase section */

/* Begin PBXTargetDependency section */
		20506DD91B323CE100B6B14A /* PBXTargetDependency */ = {
			isa = PBXTargetDependency;
			target = 20506DCB1B323CE100B6B14A /* FormationLayout */;
			targetProxy = 20506DD81B323CE100B6B14A /* PBXContainerItemProxy */;
		};
/* End PBXTargetDependency section */

/* Begin XCBuildConfiguration section */
		20506DDE1B323CE100B6B14A /* Debug */ = {
			isa = XCBuildConfiguration;
			buildSettings = {
				ALWAYS_SEARCH_USER_PATHS = NO;
				CLANG_CXX_LANGUAGE_STANDARD = "gnu++0x";
				CLANG_CXX_LIBRARY = "libc++";
				CLANG_ENABLE_MODULES = YES;
				CLANG_ENABLE_OBJC_ARC = YES;
				CLANG_WARN_BOOL_CONVERSION = YES;
				CLANG_WARN_CONSTANT_CONVERSION = YES;
				CLANG_WARN_DIRECT_OBJC_ISA_USAGE = YES_ERROR;
				CLANG_WARN_EMPTY_BODY = YES;
				CLANG_WARN_ENUM_CONVERSION = YES;
				CLANG_WARN_INT_CONVERSION = YES;
				CLANG_WARN_OBJC_ROOT_CLASS = YES_ERROR;
				CLANG_WARN_UNREACHABLE_CODE = YES;
				CLANG_WARN__DUPLICATE_METHOD_MATCH = YES;
				"CODE_SIGN_IDENTITY[sdk=iphoneos*]" = "iPhone Developer";
				COPY_PHASE_STRIP = NO;
				CURRENT_PROJECT_VERSION = 1;
				DEBUG_INFORMATION_FORMAT = dwarf;
				ENABLE_STRICT_OBJC_MSGSEND = YES;
				ENABLE_TESTABILITY = YES;
				GCC_C_LANGUAGE_STANDARD = gnu99;
				GCC_DYNAMIC_NO_PIC = NO;
				GCC_NO_COMMON_BLOCKS = YES;
				GCC_OPTIMIZATION_LEVEL = 0;
				GCC_PREPROCESSOR_DEFINITIONS = (
					"DEBUG=1",
					"$(inherited)",
				);
				GCC_WARN_64_TO_32_BIT_CONVERSION = YES;
				GCC_WARN_ABOUT_RETURN_TYPE = YES_ERROR;
				GCC_WARN_UNDECLARED_SELECTOR = YES;
				GCC_WARN_UNINITIALIZED_AUTOS = YES_AGGRESSIVE;
				GCC_WARN_UNUSED_FUNCTION = YES;
				GCC_WARN_UNUSED_VARIABLE = YES;
				IPHONEOS_DEPLOYMENT_TARGET = 8.0;
				MTL_ENABLE_DEBUG_INFO = YES;
				ONLY_ACTIVE_ARCH = YES;
				SDKROOT = iphoneos;
				SWIFT_OPTIMIZATION_LEVEL = "-Onone";
				TARGETED_DEVICE_FAMILY = "1,2";
				VERSIONING_SYSTEM = "apple-generic";
				VERSION_INFO_PREFIX = "";
			};
			name = Debug;
		};
		20506DDF1B323CE100B6B14A /* Release */ = {
			isa = XCBuildConfiguration;
			buildSettings = {
				ALWAYS_SEARCH_USER_PATHS = NO;
				CLANG_CXX_LANGUAGE_STANDARD = "gnu++0x";
				CLANG_CXX_LIBRARY = "libc++";
				CLANG_ENABLE_MODULES = YES;
				CLANG_ENABLE_OBJC_ARC = YES;
				CLANG_WARN_BOOL_CONVERSION = YES;
				CLANG_WARN_CONSTANT_CONVERSION = YES;
				CLANG_WARN_DIRECT_OBJC_ISA_USAGE = YES_ERROR;
				CLANG_WARN_EMPTY_BODY = YES;
				CLANG_WARN_ENUM_CONVERSION = YES;
				CLANG_WARN_INT_CONVERSION = YES;
				CLANG_WARN_OBJC_ROOT_CLASS = YES_ERROR;
				CLANG_WARN_UNREACHABLE_CODE = YES;
				CLANG_WARN__DUPLICATE_METHOD_MATCH = YES;
				"CODE_SIGN_IDENTITY[sdk=iphoneos*]" = "iPhone Developer";
				COPY_PHASE_STRIP = NO;
				CURRENT_PROJECT_VERSION = 1;
				DEBUG_INFORMATION_FORMAT = "dwarf-with-dsym";
				ENABLE_NS_ASSERTIONS = NO;
				ENABLE_STRICT_OBJC_MSGSEND = YES;
				GCC_C_LANGUAGE_STANDARD = gnu99;
				GCC_NO_COMMON_BLOCKS = YES;
				GCC_WARN_64_TO_32_BIT_CONVERSION = YES;
				GCC_WARN_ABOUT_RETURN_TYPE = YES_ERROR;
				GCC_WARN_UNDECLARED_SELECTOR = YES;
				GCC_WARN_UNINITIALIZED_AUTOS = YES_AGGRESSIVE;
				GCC_WARN_UNUSED_FUNCTION = YES;
				GCC_WARN_UNUSED_VARIABLE = YES;
				IPHONEOS_DEPLOYMENT_TARGET = 8.0;
				MTL_ENABLE_DEBUG_INFO = NO;
				SDKROOT = iphoneos;
				TARGETED_DEVICE_FAMILY = "1,2";
				VALIDATE_PRODUCT = YES;
				VERSIONING_SYSTEM = "apple-generic";
				VERSION_INFO_PREFIX = "";
			};
			name = Release;
		};
		20506DE11B323CE100B6B14A /* Debug */ = {
			isa = XCBuildConfiguration;
			buildSettings = {
				CLANG_ENABLE_MODULES = YES;
				DEFINES_MODULE = YES;
				DYLIB_COMPATIBILITY_VERSION = 1;
				DYLIB_CURRENT_VERSION = 1;
				DYLIB_INSTALL_NAME_BASE = "@rpath";
				INFOPLIST_FILE = FormationLayout/Info.plist;
				INSTALL_PATH = "$(LOCAL_LIBRARY_DIR)/Frameworks";
				LD_RUNPATH_SEARCH_PATHS = "$(inherited) @executable_path/Frameworks @loader_path/Frameworks";
				PRODUCT_BUNDLE_IDENTIFIER = com.evancoding.FormationLayout;
				PRODUCT_NAME = "$(TARGET_NAME)";
				SKIP_INSTALL = YES;
				SWIFT_OPTIMIZATION_LEVEL = "-Onone";
			};
			name = Debug;
		};
		20506DE21B323CE100B6B14A /* Release */ = {
			isa = XCBuildConfiguration;
			buildSettings = {
				CLANG_ENABLE_MODULES = YES;
				DEFINES_MODULE = YES;
				DYLIB_COMPATIBILITY_VERSION = 1;
				DYLIB_CURRENT_VERSION = 1;
				DYLIB_INSTALL_NAME_BASE = "@rpath";
				INFOPLIST_FILE = FormationLayout/Info.plist;
				INSTALL_PATH = "$(LOCAL_LIBRARY_DIR)/Frameworks";
				LD_RUNPATH_SEARCH_PATHS = "$(inherited) @executable_path/Frameworks @loader_path/Frameworks";
				PRODUCT_BUNDLE_IDENTIFIER = com.evancoding.FormationLayout;
				PRODUCT_NAME = "$(TARGET_NAME)";
				SKIP_INSTALL = YES;
			};
			name = Release;
		};
		20506DE41B323CE100B6B14A /* Debug */ = {
			isa = XCBuildConfiguration;
			buildSettings = {
				INFOPLIST_FILE = FormationLayoutTests/Info.plist;
				LD_RUNPATH_SEARCH_PATHS = "$(inherited) @executable_path/Frameworks @loader_path/Frameworks";
				PRODUCT_BUNDLE_IDENTIFIER = com.evancoding.FormationLayoutTests;
				PRODUCT_NAME = "$(TARGET_NAME)";
			};
			name = Debug;
		};
		20506DE51B323CE100B6B14A /* Release */ = {
			isa = XCBuildConfiguration;
			buildSettings = {
				INFOPLIST_FILE = FormationLayoutTests/Info.plist;
				LD_RUNPATH_SEARCH_PATHS = "$(inherited) @executable_path/Frameworks @loader_path/Frameworks";
				PRODUCT_BUNDLE_IDENTIFIER = com.evancoding.FormationLayoutTests;
				PRODUCT_NAME = "$(TARGET_NAME)";
			};
			name = Release;
		};
/* End XCBuildConfiguration section */

/* Begin XCConfigurationList section */
		20506DC61B323CE100B6B14A /* Build configuration list for PBXProject "FormationLayout" */ = {
			isa = XCConfigurationList;
			buildConfigurations = (
				20506DDE1B323CE100B6B14A /* Debug */,
				20506DDF1B323CE100B6B14A /* Release */,
			);
			defaultConfigurationIsVisible = 0;
			defaultConfigurationName = Release;
		};
		20506DE01B323CE100B6B14A /* Build configuration list for PBXNativeTarget "FormationLayout" */ = {
			isa = XCConfigurationList;
			buildConfigurations = (
				20506DE11B323CE100B6B14A /* Debug */,
				20506DE21B323CE100B6B14A /* Release */,
			);
			defaultConfigurationIsVisible = 0;
			defaultConfigurationName = Release;
		};
		20506DE31B323CE100B6B14A /* Build configuration list for PBXNativeTarget "FormationLayoutTests" */ = {
			isa = XCConfigurationList;
			buildConfigurations = (
				20506DE41B323CE100B6B14A /* Debug */,
				20506DE51B323CE100B6B14A /* Release */,
			);
			defaultConfigurationIsVisible = 0;
			defaultConfigurationName = Release;
		};
/* End XCConfigurationList section */
	};
	rootObject = 20506DC31B323CE100B6B14A /* Project object */;
}
