// !$*UTF8*$!
{
	archiveVersion = 1;
	classes = {
	};
	objectVersion = 46;
	objects = {

/* Begin PBXBuildFile section */
		20EC92631C38CC7400FC5C0F /* AppDelegate.swift in Sources */ = {isa = PBXBuildFile; fileRef = 20EC92621C38CC7400FC5C0F /* AppDelegate.swift */; };
		20EC92651C38CC7400FC5C0F /* DemoViewController.swift in Sources */ = {isa = PBXBuildFile; fileRef = 20EC92641C38CC7400FC5C0F /* DemoViewController.swift */; };
		20EC92681C38CC7400FC5C0F /* Main.storyboard in Resources */ = {isa = PBXBuildFile; fileRef = 20EC92661C38CC7400FC5C0F /* Main.storyboard */; };
		20EC926A1C38CC7400FC5C0F /* Assets.xcassets in Resources */ = {isa = PBXBuildFile; fileRef = 20EC92691C38CC7400FC5C0F /* Assets.xcassets */; };
		20EC926D1C38CC7400FC5C0F /* LaunchScreen.storyboard in Resources */ = {isa = PBXBuildFile; fileRef = 20EC926B1C38CC7400FC5C0F /* LaunchScreen.storyboard */; };
		20EC92771C38CD9900FC5C0F /* StackViewDemo.swift in Sources */ = {isa = PBXBuildFile; fileRef = 20EC92761C38CD9900FC5C0F /* StackViewDemo.swift */; };
/* End PBXBuildFile section */

/* Begin PBXFileReference section */
		20EC925F1C38CC7400FC5C0F /* FormationLayoutDemos.app */ = {isa = PBXFileReference; explicitFileType = wrapper.application; includeInIndex = 0; path = FormationLayoutDemos.app; sourceTree = BUILT_PRODUCTS_DIR; };
		20EC92621C38CC7400FC5C0F /* AppDelegate.swift */ = {isa = PBXFileReference; lastKnownFileType = sourcecode.swift; path = AppDelegate.swift; sourceTree = "<group>"; };
		20EC92641C38CC7400FC5C0F /* DemoViewController.swift */ = {isa = PBXFileReference; lastKnownFileType = sourcecode.swift; path = DemoViewController.swift; sourceTree = "<group>"; };
		20EC92671C38CC7400FC5C0F /* Base */ = {isa = PBXFileReference; lastKnownFileType = file.storyboard; name = Base; path = Base.lproj/Main.storyboard; sourceTree = "<group>"; };
		20EC92691C38CC7400FC5C0F /* Assets.xcassets */ = {isa = PBXFileReference; lastKnownFileType = folder.assetcatalog; path = Assets.xcassets; sourceTree = "<group>"; };
		20EC926C1C38CC7400FC5C0F /* Base */ = {isa = PBXFileReference; lastKnownFileType = file.storyboard; name = Base; path = Base.lproj/LaunchScreen.storyboard; sourceTree = "<group>"; };
		20EC926E1C38CC7400FC5C0F /* Info.plist */ = {isa = PBXFileReference; lastKnownFileType = text.plist.xml; path = Info.plist; sourceTree = "<group>"; };
		20EC92761C38CD9900FC5C0F /* StackViewDemo.swift */ = {isa = PBXFileReference; fileEncoding = 4; lastKnownFileType = sourcecode.swift; path = StackViewDemo.swift; sourceTree = "<group>"; };
/* End PBXFileReference section */

/* Begin PBXFrameworksBuildPhase section */
		20EC925C1C38CC7400FC5C0F /* Frameworks */ = {
			isa = PBXFrameworksBuildPhase;
			buildActionMask = 2147483647;
			files = (
			);
			runOnlyForDeploymentPostprocessing = 0;
		};
/* End PBXFrameworksBuildPhase section */

/* Begin PBXGroup section */
		2048C0951C39052600365D17 /* Demos */ = {
			isa = PBXGroup;
			children = (
				20EC92761C38CD9900FC5C0F /* StackViewDemo.swift */,
			);
			path = Demos;
			sourceTree = "<group>";
		};
		20EC92561C38CC7400FC5C0F = {
			isa = PBXGroup;
			children = (
				20EC92611C38CC7400FC5C0F /* FormationLayoutDemos */,
				20EC92601C38CC7400FC5C0F /* Products */,
			);
			sourceTree = "<group>";
		};
		20EC92601C38CC7400FC5C0F /* Products */ = {
			isa = PBXGroup;
			children = (
				20EC925F1C38CC7400FC5C0F /* FormationLayoutDemos.app */,
			);
			name = Products;
			sourceTree = "<group>";
		};
		20EC92611C38CC7400FC5C0F /* FormationLayoutDemos */ = {
			isa = PBXGroup;
			children = (
				2048C0951C39052600365D17 /* Demos */,
				20EC92641C38CC7400FC5C0F /* DemoViewController.swift */,
				20EC92661C38CC7400FC5C0F /* Main.storyboard */,
				20EC92741C38CC8200FC5C0F /* Resources */,
			);
			path = FormationLayoutDemos;
			sourceTree = "<group>";
		};
		20EC92741C38CC8200FC5C0F /* Resources */ = {
			isa = PBXGroup;
			children = (
				20EC92691C38CC7400FC5C0F /* Assets.xcassets */,
				20EC926B1C38CC7400FC5C0F /* LaunchScreen.storyboard */,
				20EC926E1C38CC7400FC5C0F /* Info.plist */,
				20EC92621C38CC7400FC5C0F /* AppDelegate.swift */,
			);
			name = Resources;
			sourceTree = "<group>";
		};
/* End PBXGroup section */

/* Begin PBXNativeTarget section */
		20EC925E1C38CC7400FC5C0F /* FormationLayoutDemos */ = {
			isa = PBXNativeTarget;
			buildConfigurationList = 20EC92711C38CC7400FC5C0F /* Build configuration list for PBXNativeTarget "FormationLayoutDemos" */;
			buildPhases = (
				20EC925B1C38CC7400FC5C0F /* Sources */,
				20EC925C1C38CC7400FC5C0F /* Frameworks */,
				20EC925D1C38CC7400FC5C0F /* Resources */,
			);
			buildRules = (
			);
			dependencies = (
			);
			name = FormationLayoutDemos;
			productName = FormationLayoutDemos;
			productReference = 20EC925F1C38CC7400FC5C0F /* FormationLayoutDemos.app */;
			productType = "com.apple.product-type.application";
		};
/* End PBXNativeTarget section */

/* Begin PBXProject section */
		20EC92571C38CC7400FC5C0F /* Project object */ = {
			isa = PBXProject;
			attributes = {
				LastSwiftUpdateCheck = 0720;
				LastUpgradeCheck = 0720;
				ORGANIZATIONNAME = evancoding.com;
				TargetAttributes = {
					20EC925E1C38CC7400FC5C0F = {
						CreatedOnToolsVersion = 7.2;
					};
				};
			};
			buildConfigurationList = 20EC925A1C38CC7400FC5C0F /* Build configuration list for PBXProject "FormationLayoutDemos" */;
			compatibilityVersion = "Xcode 3.2";
			developmentRegion = English;
			hasScannedForEncodings = 0;
			knownRegions = (
				en,
				Base,
			);
			mainGroup = 20EC92561C38CC7400FC5C0F;
			productRefGroup = 20EC92601C38CC7400FC5C0F /* Products */;
			projectDirPath = "";
			projectRoot = "";
			targets = (
				20EC925E1C38CC7400FC5C0F /* FormationLayoutDemos */,
			);
		};
/* End PBXProject section */

/* Begin PBXResourcesBuildPhase section */
		20EC925D1C38CC7400FC5C0F /* Resources */ = {
			isa = PBXResourcesBuildPhase;
			buildActionMask = 2147483647;
			files = (
				20EC926D1C38CC7400FC5C0F /* LaunchScreen.storyboard in Resources */,
				20EC926A1C38CC7400FC5C0F /* Assets.xcassets in Resources */,
				20EC92681C38CC7400FC5C0F /* Main.storyboard in Resources */,
			);
			runOnlyForDeploymentPostprocessing = 0;
		};
/* End PBXResourcesBuildPhase section */

/* Begin PBXSourcesBuildPhase section */
		20EC925B1C38CC7400FC5C0F /* Sources */ = {
			isa = PBXSourcesBuildPhase;
			buildActionMask = 2147483647;
			files = (
				20EC92651C38CC7400FC5C0F /* DemoViewController.swift in Sources */,
				20EC92771C38CD9900FC5C0F /* StackViewDemo.swift in Sources */,
				20EC92631C38CC7400FC5C0F /* AppDelegate.swift in Sources */,
			);
			runOnlyForDeploymentPostprocessing = 0;
		};
/* End PBXSourcesBuildPhase section */

/* Begin PBXVariantGroup section */
		20EC92661C38CC7400FC5C0F /* Main.storyboard */ = {
			isa = PBXVariantGroup;
			children = (
				20EC92671C38CC7400FC5C0F /* Base */,
			);
			name = Main.storyboard;
			sourceTree = "<group>";
		};
		20EC926B1C38CC7400FC5C0F /* LaunchScreen.storyboard */ = {
			isa = PBXVariantGroup;
			children = (
				20EC926C1C38CC7400FC5C0F /* Base */,
			);
			name = LaunchScreen.storyboard;
			sourceTree = "<group>";
		};
/* End PBXVariantGroup section */

/* Begin XCBuildConfiguration section */
		20EC926F1C38CC7400FC5C0F /* Debug */ = {
			isa = XCBuildConfiguration;
			buildSettings = {
				ALWAYS_SEARCH_USER_PATHS = NO;
				CLANG_CXX_LANGUAGE_STANDARD = "gnu++0x";
				CLANG_CXX_LIBRARY = "libc++";
				CLANG_ENABLE_MODULES = YES;
				CLANG_ENABLE_OBJC_ARC = YES;
				CLANG_WARN_BOOL_CONVERSION = YES;
				CLANG_WARN_CONSTANT_CONVERSION = YES;
				CLANG_WARN_DIRECT_OBJC_ISA_USAGE = YES_ERROR;
				CLANG_WARN_EMPTY_BODY = YES;
				CLANG_WARN_ENUM_CONVERSION = YES;
				CLANG_WARN_INT_CONVERSION = YES;
				CLANG_WARN_OBJC_ROOT_CLASS = YES_ERROR;
				CLANG_WARN_UNREACHABLE_CODE = YES;
				CLANG_WARN__DUPLICATE_METHOD_MATCH = YES;
				"CODE_SIGN_IDENTITY[sdk=iphoneos*]" = "iPhone Developer";
				COPY_PHASE_STRIP = NO;
				DEBUG_INFORMATION_FORMAT = dwarf;
				ENABLE_STRICT_OBJC_MSGSEND = YES;
				ENABLE_TESTABILITY = YES;
				GCC_C_LANGUAGE_STANDARD = gnu99;
				GCC_DYNAMIC_NO_PIC = NO;
				GCC_NO_COMMON_BLOCKS = YES;
				GCC_OPTIMIZATION_LEVEL = 0;
				GCC_PREPROCESSOR_DEFINITIONS = (
					"DEBUG=1",
					"$(inherited)",
				);
				GCC_WARN_64_TO_32_BIT_CONVERSION = YES;
				GCC_WARN_ABOUT_RETURN_TYPE = YES_ERROR;
				GCC_WARN_UNDECLARED_SELECTOR = YES;
				GCC_WARN_UNINITIALIZED_AUTOS = YES_AGGRESSIVE;
				GCC_WARN_UNUSED_FUNCTION = YES;
				GCC_WARN_UNUSED_VARIABLE = YES;
				IPHONEOS_DEPLOYMENT_TARGET = 9.2;
				MTL_ENABLE_DEBUG_INFO = YES;
				ONLY_ACTIVE_ARCH = YES;
				SDKROOT = iphoneos;
				SWIFT_OPTIMIZATION_LEVEL = "-Onone";
				TARGETED_DEVICE_FAMILY = "1,2";
			};
			name = Debug;
		};
		20EC92701C38CC7400FC5C0F /* Release */ = {
			isa = XCBuildConfiguration;
			buildSettings = {
				ALWAYS_SEARCH_USER_PATHS = NO;
				CLANG_CXX_LANGUAGE_STANDARD = "gnu++0x";
				CLANG_CXX_LIBRARY = "libc++";
				CLANG_ENABLE_MODULES = YES;
				CLANG_ENABLE_OBJC_ARC = YES;
				CLANG_WARN_BOOL_CONVERSION = YES;
				CLANG_WARN_CONSTANT_CONVERSION = YES;
				CLANG_WARN_DIRECT_OBJC_ISA_USAGE = YES_ERROR;
				CLANG_WARN_EMPTY_BODY = YES;
				CLANG_WARN_ENUM_CONVERSION = YES;
				CLANG_WARN_INT_CONVERSION = YES;
				CLANG_WARN_OBJC_ROOT_CLASS = YES_ERROR;
				CLANG_WARN_UNREACHABLE_CODE = YES;
				CLANG_WARN__DUPLICATE_METHOD_MATCH = YES;
				"CODE_SIGN_IDENTITY[sdk=iphoneos*]" = "iPhone Developer";
				COPY_PHASE_STRIP = NO;
				DEBUG_INFORMATION_FORMAT = "dwarf-with-dsym";
				ENABLE_NS_ASSERTIONS = NO;
				ENABLE_STRICT_OBJC_MSGSEND = YES;
				GCC_C_LANGUAGE_STANDARD = gnu99;
				GCC_NO_COMMON_BLOCKS = YES;
				GCC_WARN_64_TO_32_BIT_CONVERSION = YES;
				GCC_WARN_ABOUT_RETURN_TYPE = YES_ERROR;
				GCC_WARN_UNDECLARED_SELECTOR = YES;
				GCC_WARN_UNINITIALIZED_AUTOS = YES_AGGRESSIVE;
				GCC_WARN_UNUSED_FUNCTION = YES;
				GCC_WARN_UNUSED_VARIABLE = YES;
				IPHONEOS_DEPLOYMENT_TARGET = 9.2;
				MTL_ENABLE_DEBUG_INFO = NO;
				SDKROOT = iphoneos;
				TARGETED_DEVICE_FAMILY = "1,2";
				VALIDATE_PRODUCT = YES;
			};
			name = Release;
		};
		20EC92721C38CC7400FC5C0F /* Debug */ = {
			isa = XCBuildConfiguration;
			buildSettings = {
				ASSETCATALOG_COMPILER_APPICON_NAME = AppIcon;
				INFOPLIST_FILE = FormationLayoutDemos/Info.plist;
				LD_RUNPATH_SEARCH_PATHS = "$(inherited) @executable_path/Frameworks";
				PRODUCT_BUNDLE_IDENTIFIER = com.evancoding.FormationLayoutDemos;
				PRODUCT_NAME = "$(TARGET_NAME)";
			};
			name = Debug;
		};
		20EC92731C38CC7400FC5C0F /* Release */ = {
			isa = XCBuildConfiguration;
			buildSettings = {
				ASSETCATALOG_COMPILER_APPICON_NAME = AppIcon;
				INFOPLIST_FILE = FormationLayoutDemos/Info.plist;
				LD_RUNPATH_SEARCH_PATHS = "$(inherited) @executable_path/Frameworks";
				PRODUCT_BUNDLE_IDENTIFIER = com.evancoding.FormationLayoutDemos;
				PRODUCT_NAME = "$(TARGET_NAME)";
			};
			name = Release;
		};
/* End XCBuildConfiguration section */

/* Begin XCConfigurationList section */
		20EC925A1C38CC7400FC5C0F /* Build configuration list for PBXProject "FormationLayoutDemos" */ = {
			isa = XCConfigurationList;
			buildConfigurations = (
				20EC926F1C38CC7400FC5C0F /* Debug */,
				20EC92701C38CC7400FC5C0F /* Release */,
			);
			defaultConfigurationIsVisible = 0;
			defaultConfigurationName = Release;
		};
		20EC92711C38CC7400FC5C0F /* Build configuration list for PBXNativeTarget "FormationLayoutDemos" */ = {
			isa = XCConfigurationList;
			buildConfigurations = (
				20EC92721C38CC7400FC5C0F /* Debug */,
				20EC92731C38CC7400FC5C0F /* Release */,
			);
			defaultConfigurationIsVisible = 0;
			defaultConfigurationName = Release;
		};
/* End XCConfigurationList section */
	};
	rootObject = 20EC92571C38CC7400FC5C0F /* Project object */;
}
